
Microsoft Visual Studio Solution File, Format Version 12.00
# Visual Studio Version 17
VisualStudioVersion = 17.6.33815.320
MinimumVisualStudioVersion = 10.0.40219.1
Project("{9A19103F-16F7-4668-BE54-9A1E7A4F7556}") = "Spa", "Spa\Spa.csproj", "{B79D54E3-F3A0-40F2-950C-0DBD68F1DBCE}"
EndProject
Project("{2150E333-8FDC-42A3-9474-1A3956D46DE8}") = "_", "_", "{37B95240-A0FC-46FD-89B5-A4DFF872130B}"
	ProjectSection(SolutionItems) = preProject
		..\serverless.tf = ..\serverless.tf
	EndProjectSection
EndProject
Global
	GlobalSection(SolutionConfigurationPlatforms) = preSolution
		Debug|Any CPU = Debug|Any CPU
		Release|Any CPU = Release|Any CPU
	EndGlobalSection
	GlobalSection(ProjectConfigurationPlatforms) = postSolution
		{B79D54E3-F3A0-40F2-950C-0DBD68F1DBCE}.Debug|Any CPU.ActiveCfg = Debug|Any CPU
		{B79D54E3-F3A0-40F2-950C-0DBD68F1DBCE}.Debug|Any CPU.Build.0 = Debug|Any CPU
		{B79D54E3-F3A0-40F2-950C-0DBD68F1DBCE}.Release|Any CPU.ActiveCfg = Release|Any CPU
		{B79D54E3-F3A0-40F2-950C-0DBD68F1DBCE}.Release|Any CPU.Build.0 = Release|Any CPU
	EndGlobalSection
	GlobalSection(SolutionProperties) = preSolution
		HideSolutionNode = FALSE
	EndGlobalSection
	GlobalSection(ExtensibilityGlobals) = postSolution
		SolutionGuid = {9AEC6746-274A-41CD-9AB8-06AD63EF5048}
	EndGlobalSection
EndGlobal
